// !$*UTF8*$!
{
	archiveVersion = 1;
	classes = {
	};
	objectVersion = 46;
	objects = {

/* Begin PBXBuildFile section */
		FDE613841C76EA680094E1BF /* Assets.xcassets in Resources */ = {isa = PBXBuildFile; fileRef = FDE613831C76EA680094E1BF /* Assets.xcassets */; };
		FDE613921C76EA680094E1BF /* BSbudejieTests.m in Sources */ = {isa = PBXBuildFile; fileRef = FDE613911C76EA680094E1BF /* BSbudejieTests.m */; };
		FDE6139D1C76EA680094E1BF /* BSbudejieUITests.m in Sources */ = {isa = PBXBuildFile; fileRef = FDE6139C1C76EA680094E1BF /* BSbudejieUITests.m */; };
		FDE613EF1C7725ED0094E1BF /* XMGEssenceViewController.m in Sources */ = {isa = PBXBuildFile; fileRef = FDE613CA1C7725ED0094E1BF /* XMGEssenceViewController.m */; };
		FDE613F01C7725ED0094E1BF /* XMGFriendTrendsViewController.m in Sources */ = {isa = PBXBuildFile; fileRef = FDE613D01C7725ED0094E1BF /* XMGFriendTrendsViewController.m */; };
		FDE613F11C7725ED0094E1BF /* XMGMeViewController.m in Sources */ = {isa = PBXBuildFile; fileRef = FDE613D61C7725ED0094E1BF /* XMGMeViewController.m */; };
		FDE613F21C7725ED0094E1BF /* XMGNewViewController.m in Sources */ = {isa = PBXBuildFile; fileRef = FDE613DC1C7725ED0094E1BF /* XMGNewViewController.m */; };
		FDE613F31C7725ED0094E1BF /* AppDelegate.m in Sources */ = {isa = PBXBuildFile; fileRef = FDE613E11C7725ED0094E1BF /* AppDelegate.m */; };
		FDE613F41C7725ED0094E1BF /* UIBarButtonItem+XMGExtension.m in Sources */ = {isa = PBXBuildFile; fileRef = FDE613E41C7725ED0094E1BF /* UIBarButtonItem+XMGExtension.m */; };
		FDE613F51C7725ED0094E1BF /* UIView+XMGExtension.m in Sources */ = {isa = PBXBuildFile; fileRef = FDE613E61C7725ED0094E1BF /* UIView+XMGExtension.m */; };
		FDE613F61C7725ED0094E1BF /* XMGTabBarController.m in Sources */ = {isa = PBXBuildFile; fileRef = FDE613E91C7725ED0094E1BF /* XMGTabBarController.m */; };
		FDE613F71C7725ED0094E1BF /* main.m in Sources */ = {isa = PBXBuildFile; fileRef = FDE613EA1C7725ED0094E1BF /* main.m */; };
		FDE613F81C7725ED0094E1BF /* XMGTabBar.m in Sources */ = {isa = PBXBuildFile; fileRef = FDE613EE1C7725ED0094E1BF /* XMGTabBar.m */; };
/* End PBXBuildFile section */

/* Begin PBXContainerItemProxy section */
		FDE6138E1C76EA680094E1BF /* PBXContainerItemProxy */ = {
			isa = PBXContainerItemProxy;
			containerPortal = FDE6136C1C76EA670094E1BF /* Project object */;
			proxyType = 1;
			remoteGlobalIDString = FDE613731C76EA680094E1BF;
			remoteInfo = BSbudejie;
		};
		FDE613991C76EA680094E1BF /* PBXContainerItemProxy */ = {
			isa = PBXContainerItemProxy;
			containerPortal = FDE6136C1C76EA670094E1BF /* Project object */;
			proxyType = 1;
			remoteGlobalIDString = FDE613731C76EA680094E1BF;
			remoteInfo = BSbudejie;
		};
/* End PBXContainerItemProxy section */

/* Begin PBXFileReference section */
		FDE613741C76EA680094E1BF /* BSbudejie.app */ = {isa = PBXFileReference; explicitFileType = wrapper.application; includeInIndex = 0; path = BSbudejie.app; sourceTree = BUILT_PRODUCTS_DIR; };
		FDE613831C76EA680094E1BF /* Assets.xcassets */ = {isa = PBXFileReference; lastKnownFileType = folder.assetcatalog; path = Assets.xcassets; sourceTree = "<group>"; };
		FDE613881C76EA680094E1BF /* Info.plist */ = {isa = PBXFileReference; lastKnownFileType = text.plist.xml; path = Info.plist; sourceTree = "<group>"; };
		FDE6138D1C76EA680094E1BF /* BSbudejieTests.xctest */ = {isa = PBXFileReference; explicitFileType = wrapper.cfbundle; includeInIndex = 0; path = BSbudejieTests.xctest; sourceTree = BUILT_PRODUCTS_DIR; };
		FDE613911C76EA680094E1BF /* BSbudejieTests.m */ = {isa = PBXFileReference; lastKnownFileType = sourcecode.c.objc; path = BSbudejieTests.m; sourceTree = "<group>"; };
		FDE613931C76EA680094E1BF /* Info.plist */ = {isa = PBXFileReference; lastKnownFileType = text.plist.xml; path = Info.plist; sourceTree = "<group>"; };
		FDE613981C76EA680094E1BF /* BSbudejieUITests.xctest */ = {isa = PBXFileReference; explicitFileType = wrapper.cfbundle; includeInIndex = 0; path = BSbudejieUITests.xctest; sourceTree = BUILT_PRODUCTS_DIR; };
		FDE6139C1C76EA680094E1BF /* BSbudejieUITests.m */ = {isa = PBXFileReference; lastKnownFileType = sourcecode.c.objc; path = BSbudejieUITests.m; sourceTree = "<group>"; };
		FDE6139E1C76EA680094E1BF /* Info.plist */ = {isa = PBXFileReference; lastKnownFileType = text.plist.xml; path = Info.plist; sourceTree = "<group>"; };
		FDE613C91C7725ED0094E1BF /* XMGEssenceViewController.h */ = {isa = PBXFileReference; fileEncoding = 4; lastKnownFileType = sourcecode.c.h; path = XMGEssenceViewController.h; sourceTree = "<group>"; };
		FDE613CA1C7725ED0094E1BF /* XMGEssenceViewController.m */ = {isa = PBXFileReference; fileEncoding = 4; lastKnownFileType = sourcecode.c.objc; path = XMGEssenceViewController.m; sourceTree = "<group>"; };
		FDE613CF1C7725ED0094E1BF /* XMGFriendTrendsViewController.h */ = {isa = PBXFileReference; fileEncoding = 4; lastKnownFileType = sourcecode.c.h; path = XMGFriendTrendsViewController.h; sourceTree = "<group>"; };
		FDE613D01C7725ED0094E1BF /* XMGFriendTrendsViewController.m */ = {isa = PBXFileReference; fileEncoding = 4; lastKnownFileType = sourcecode.c.objc; path = XMGFriendTrendsViewController.m; sourceTree = "<group>"; };
		FDE613D51C7725ED0094E1BF /* XMGMeViewController.h */ = {isa = PBXFileReference; fileEncoding = 4; lastKnownFileType = sourcecode.c.h; path = XMGMeViewController.h; sourceTree = "<group>"; };
		FDE613D61C7725ED0094E1BF /* XMGMeViewController.m */ = {isa = PBXFileReference; fileEncoding = 4; lastKnownFileType = sourcecode.c.objc; path = XMGMeViewController.m; sourceTree = "<group>"; };
		FDE613DB1C7725ED0094E1BF /* XMGNewViewController.h */ = {isa = PBXFileReference; fileEncoding = 4; lastKnownFileType = sourcecode.c.h; path = XMGNewViewController.h; sourceTree = "<group>"; };
		FDE613DC1C7725ED0094E1BF /* XMGNewViewController.m */ = {isa = PBXFileReference; fileEncoding = 4; lastKnownFileType = sourcecode.c.objc; path = XMGNewViewController.m; sourceTree = "<group>"; };
		FDE613E01C7725ED0094E1BF /* AppDelegate.h */ = {isa = PBXFileReference; fileEncoding = 4; lastKnownFileType = sourcecode.c.h; path = AppDelegate.h; sourceTree = "<group>"; };
		FDE613E11C7725ED0094E1BF /* AppDelegate.m */ = {isa = PBXFileReference; fileEncoding = 4; lastKnownFileType = sourcecode.c.objc; path = AppDelegate.m; sourceTree = "<group>"; };
		FDE613E31C7725ED0094E1BF /* UIBarButtonItem+XMGExtension.h */ = {isa = PBXFileReference; fileEncoding = 4; lastKnownFileType = sourcecode.c.h; path = "UIBarButtonItem+XMGExtension.h"; sourceTree = "<group>"; };
		FDE613E41C7725ED0094E1BF /* UIBarButtonItem+XMGExtension.m */ = {isa = PBXFileReference; fileEncoding = 4; lastKnownFileType = sourcecode.c.objc; path = "UIBarButtonItem+XMGExtension.m"; sourceTree = "<group>"; };
		FDE613E51C7725ED0094E1BF /* UIView+XMGExtension.h */ = {isa = PBXFileReference; fileEncoding = 4; lastKnownFileType = sourcecode.c.h; path = "UIView+XMGExtension.h"; sourceTree = "<group>"; };
		FDE613E61C7725ED0094E1BF /* UIView+XMGExtension.m */ = {isa = PBXFileReference; fileEncoding = 4; lastKnownFileType = sourcecode.c.objc; path = "UIView+XMGExtension.m"; sourceTree = "<group>"; };
		FDE613E81C7725ED0094E1BF /* XMGTabBarController.h */ = {isa = PBXFileReference; fileEncoding = 4; lastKnownFileType = sourcecode.c.h; path = XMGTabBarController.h; sourceTree = "<group>"; };
		FDE613E91C7725ED0094E1BF /* XMGTabBarController.m */ = {isa = PBXFileReference; fileEncoding = 4; lastKnownFileType = sourcecode.c.objc; path = XMGTabBarController.m; sourceTree = "<group>"; };
		FDE613EA1C7725ED0094E1BF /* main.m */ = {isa = PBXFileReference; fileEncoding = 4; lastKnownFileType = sourcecode.c.objc; path = main.m; sourceTree = "<group>"; };
		FDE613EB1C7725ED0094E1BF /* PrefixHeader.pch */ = {isa = PBXFileReference; fileEncoding = 4; lastKnownFileType = sourcecode.c.h; path = PrefixHeader.pch; sourceTree = "<group>"; };
		FDE613ED1C7725ED0094E1BF /* XMGTabBar.h */ = {isa = PBXFileReference; fileEncoding = 4; lastKnownFileType = sourcecode.c.h; path = XMGTabBar.h; sourceTree = "<group>"; };
		FDE613EE1C7725ED0094E1BF /* XMGTabBar.m */ = {isa = PBXFileReference; fileEncoding = 4; lastKnownFileType = sourcecode.c.objc; path = XMGTabBar.m; sourceTree = "<group>"; };
/* End PBXFileReference section */

/* Begin PBXFrameworksBuildPhase section */
		FDE613711C76EA680094E1BF /* Frameworks */ = {
			isa = PBXFrameworksBuildPhase;
			buildActionMask = 2147483647;
			files = (
			);
			runOnlyForDeploymentPostprocessing = 0;
		};
		FDE6138A1C76EA680094E1BF /* Frameworks */ = {
			isa = PBXFrameworksBuildPhase;
			buildActionMask = 2147483647;
			files = (
			);
			runOnlyForDeploymentPostprocessing = 0;
		};
		FDE613951C76EA680094E1BF /* Frameworks */ = {
			isa = PBXFrameworksBuildPhase;
			buildActionMask = 2147483647;
			files = (
			);
			runOnlyForDeploymentPostprocessing = 0;
		};
/* End PBXFrameworksBuildPhase section */

/* Begin PBXGroup section */
		FDE6136B1C76EA670094E1BF = {
			isa = PBXGroup;
			children = (
				FDE613761C76EA680094E1BF /* BSbudejie */,
				FDE613901C76EA680094E1BF /* BSbudejieTests */,
				FDE6139B1C76EA680094E1BF /* BSbudejieUITests */,
				FDE613751C76EA680094E1BF /* Products */,
			);
			sourceTree = "<group>";
		};
		FDE613751C76EA680094E1BF /* Products */ = {
			isa = PBXGroup;
			children = (
				FDE613741C76EA680094E1BF /* BSbudejie.app */,
				FDE6138D1C76EA680094E1BF /* BSbudejieTests.xctest */,
				FDE613981C76EA680094E1BF /* BSbudejieUITests.xctest */,
			);
			name = Products;
			sourceTree = "<group>";
		};
		FDE613761C76EA680094E1BF /* BSbudejie */ = {
			isa = PBXGroup;
			children = (
				FDE613C61C7725ED0094E1BF /* Classes */,
				FDE613831C76EA680094E1BF /* Assets.xcassets */,
				FDE613881C76EA680094E1BF /* Info.plist */,
				FDE613771C76EA680094E1BF /* Supporting Files */,
			);
			path = BSbudejie;
			sourceTree = "<group>";
		};
		FDE613771C76EA680094E1BF /* Supporting Files */ = {
			isa = PBXGroup;
			children = (
			);
			name = "Supporting Files";
			sourceTree = "<group>";
		};
		FDE613901C76EA680094E1BF /* BSbudejieTests */ = {
			isa = PBXGroup;
			children = (
				FDE613911C76EA680094E1BF /* BSbudejieTests.m */,
				FDE613931C76EA680094E1BF /* Info.plist */,
			);
			path = BSbudejieTests;
			sourceTree = "<group>";
		};
		FDE6139B1C76EA680094E1BF /* BSbudejieUITests */ = {
			isa = PBXGroup;
			children = (
				FDE6139C1C76EA680094E1BF /* BSbudejieUITests.m */,
				FDE6139E1C76EA680094E1BF /* Info.plist */,
			);
			path = BSbudejieUITests;
			sourceTree = "<group>";
		};
		FDE613C61C7725ED0094E1BF /* Classes */ = {
			isa = PBXGroup;
			children = (
				FDE613C71C7725ED0094E1BF /* Essence */,
				FDE613CD1C7725ED0094E1BF /* FriendTrends */,
				FDE613D31C7725ED0094E1BF /* Me */,
				FDE613D91C7725ED0094E1BF /* New */,
				FDE613DF1C7725ED0094E1BF /* Other */,
			);
			path = Classes;
			sourceTree = "<group>";
		};
		FDE613C71C7725ED0094E1BF /* Essence */ = {
			isa = PBXGroup;
			children = (
				FDE613C81C7725ED0094E1BF /* Controller */,
				FDE613CB1C7725ED0094E1BF /* Model */,
				FDE613CC1C7725ED0094E1BF /* View */,
			);
			path = Essence;
			sourceTree = "<group>";
		};
		FDE613C81C7725ED0094E1BF /* Controller */ = {
			isa = PBXGroup;
			children = (
				FDE613C91C7725ED0094E1BF /* XMGEssenceViewController.h */,
				FDE613CA1C7725ED0094E1BF /* XMGEssenceViewController.m */,
			);
			path = Controller;
			sourceTree = "<group>";
		};
		FDE613CB1C7725ED0094E1BF /* Model */ = {
			isa = PBXGroup;
			children = (
			);
			path = Model;
			sourceTree = "<group>";
		};
		FDE613CC1C7725ED0094E1BF /* View */ = {
			isa = PBXGroup;
			children = (
			);
			path = View;
			sourceTree = "<group>";
		};
		FDE613CD1C7725ED0094E1BF /* FriendTrends */ = {
			isa = PBXGroup;
			children = (
				FDE613CE1C7725ED0094E1BF /* Controller */,
				FDE613D11C7725ED0094E1BF /* Model */,
				FDE613D21C7725ED0094E1BF /* View */,
			);
			path = FriendTrends;
			sourceTree = "<group>";
		};
		FDE613CE1C7725ED0094E1BF /* Controller */ = {
			isa = PBXGroup;
			children = (
				FDE613CF1C7725ED0094E1BF /* XMGFriendTrendsViewController.h */,
				FDE613D01C7725ED0094E1BF /* XMGFriendTrendsViewController.m */,
			);
			path = Controller;
			sourceTree = "<group>";
		};
		FDE613D11C7725ED0094E1BF /* Model */ = {
			isa = PBXGroup;
			children = (
			);
			path = Model;
			sourceTree = "<group>";
		};
		FDE613D21C7725ED0094E1BF /* View */ = {
			isa = PBXGroup;
			children = (
			);
			path = View;
			sourceTree = "<group>";
		};
		FDE613D31C7725ED0094E1BF /* Me */ = {
			isa = PBXGroup;
			children = (
				FDE613D41C7725ED0094E1BF /* Controller */,
				FDE613D71C7725ED0094E1BF /* Model */,
				FDE613D81C7725ED0094E1BF /* View */,
			);
			path = Me;
			sourceTree = "<group>";
		};
		FDE613D41C7725ED0094E1BF /* Controller */ = {
			isa = PBXGroup;
			children = (
				FDE613D51C7725ED0094E1BF /* XMGMeViewController.h */,
				FDE613D61C7725ED0094E1BF /* XMGMeViewController.m */,
			);
			path = Controller;
			sourceTree = "<group>";
		};
		FDE613D71C7725ED0094E1BF /* Model */ = {
			isa = PBXGroup;
			children = (
			);
			path = Model;
			sourceTree = "<group>";
		};
		FDE613D81C7725ED0094E1BF /* View */ = {
			isa = PBXGroup;
			children = (
			);
			path = View;
			sourceTree = "<group>";
		};
		FDE613D91C7725ED0094E1BF /* New */ = {
			isa = PBXGroup;
			children = (
				FDE613DA1C7725ED0094E1BF /* Controller */,
				FDE613DD1C7725ED0094E1BF /* Model */,
				FDE613DE1C7725ED0094E1BF /* View */,
			);
			path = New;
			sourceTree = "<group>";
		};
		FDE613DA1C7725ED0094E1BF /* Controller */ = {
			isa = PBXGroup;
			children = (
				FDE613DB1C7725ED0094E1BF /* XMGNewViewController.h */,
				FDE613DC1C7725ED0094E1BF /* XMGNewViewController.m */,
			);
			path = Controller;
			sourceTree = "<group>";
		};
		FDE613DD1C7725ED0094E1BF /* Model */ = {
			isa = PBXGroup;
			children = (
			);
			path = Model;
			sourceTree = "<group>";
		};
		FDE613DE1C7725ED0094E1BF /* View */ = {
			isa = PBXGroup;
			children = (
			);
			path = View;
			sourceTree = "<group>";
		};
		FDE613DF1C7725ED0094E1BF /* Other */ = {
			isa = PBXGroup;
			children = (
				FDE613E01C7725ED0094E1BF /* AppDelegate.h */,
				FDE613E11C7725ED0094E1BF /* AppDelegate.m */,
				FDE613E21C7725ED0094E1BF /* Category */,
				FDE613E71C7725ED0094E1BF /* Controller */,
				FDE613EA1C7725ED0094E1BF /* main.m */,
				FDE613EB1C7725ED0094E1BF /* PrefixHeader.pch */,
				FDE613EC1C7725ED0094E1BF /* View */,
			);
			path = Other;
			sourceTree = "<group>";
		};
		FDE613E21C7725ED0094E1BF /* Category */ = {
			isa = PBXGroup;
			children = (
				FDE613E31C7725ED0094E1BF /* UIBarButtonItem+XMGExtension.h */,
				FDE613E41C7725ED0094E1BF /* UIBarButtonItem+XMGExtension.m */,
				FDE613E51C7725ED0094E1BF /* UIView+XMGExtension.h */,
				FDE613E61C7725ED0094E1BF /* UIView+XMGExtension.m */,
			);
			path = Category;
			sourceTree = "<group>";
		};
		FDE613E71C7725ED0094E1BF /* Controller */ = {
			isa = PBXGroup;
			children = (
				FDE613E81C7725ED0094E1BF /* XMGTabBarController.h */,
				FDE613E91C7725ED0094E1BF /* XMGTabBarController.m */,
			);
			path = Controller;
			sourceTree = "<group>";
		};
		FDE613EC1C7725ED0094E1BF /* View */ = {
			isa = PBXGroup;
			children = (
				FDE613ED1C7725ED0094E1BF /* XMGTabBar.h */,
				FDE613EE1C7725ED0094E1BF /* XMGTabBar.m */,
			);
			path = View;
			sourceTree = "<group>";
		};
/* End PBXGroup section */

/* Begin PBXNativeTarget section */
		FDE613731C76EA680094E1BF /* BSbudejie */ = {
			isa = PBXNativeTarget;
			buildConfigurationList = FDE613A11C76EA680094E1BF /* Build configuration list for PBXNativeTarget "BSbudejie" */;
			buildPhases = (
				FDE613701C76EA680094E1BF /* Sources */,
				FDE613711C76EA680094E1BF /* Frameworks */,
				FDE613721C76EA680094E1BF /* Resources */,
			);
			buildRules = (
			);
			dependencies = (
			);
			name = BSbudejie;
			productName = BSbudejie;
			productReference = FDE613741C76EA680094E1BF /* BSbudejie.app */;
			productType = "com.apple.product-type.application";
		};
		FDE6138C1C76EA680094E1BF /* BSbudejieTests */ = {
			isa = PBXNativeTarget;
			buildConfigurationList = FDE613A41C76EA680094E1BF /* Build configuration list for PBXNativeTarget "BSbudejieTests" */;
			buildPhases = (
				FDE613891C76EA680094E1BF /* Sources */,
				FDE6138A1C76EA680094E1BF /* Frameworks */,
				FDE6138B1C76EA680094E1BF /* Resources */,
			);
			buildRules = (
			);
			dependencies = (
				FDE6138F1C76EA680094E1BF /* PBXTargetDependency */,
			);
			name = BSbudejieTests;
			productName = BSbudejieTests;
			productReference = FDE6138D1C76EA680094E1BF /* BSbudejieTests.xctest */;
			productType = "com.apple.product-type.bundle.unit-test";
		};
		FDE613971C76EA680094E1BF /* BSbudejieUITests */ = {
			isa = PBXNativeTarget;
			buildConfigurationList = FDE613A71C76EA680094E1BF /* Build configuration list for PBXNativeTarget "BSbudejieUITests" */;
			buildPhases = (
				FDE613941C76EA680094E1BF /* Sources */,
				FDE613951C76EA680094E1BF /* Frameworks */,
				FDE613961C76EA680094E1BF /* Resources */,
			);
			buildRules = (
			);
			dependencies = (
				FDE6139A1C76EA680094E1BF /* PBXTargetDependency */,
			);
			name = BSbudejieUITests;
			productName = BSbudejieUITests;
			productReference = FDE613981C76EA680094E1BF /* BSbudejieUITests.xctest */;
			productType = "com.apple.product-type.bundle.ui-testing";
		};
/* End PBXNativeTarget section */

/* Begin PBXProject section */
		FDE6136C1C76EA670094E1BF /* Project object */ = {
			isa = PBXProject;
			attributes = {
				LastUpgradeCheck = 0720;
				ORGANIZATIONNAME = wacosoft;
				TargetAttributes = {
					FDE613731C76EA680094E1BF = {
						CreatedOnToolsVersion = 7.2.1;
					};
					FDE6138C1C76EA680094E1BF = {
						CreatedOnToolsVersion = 7.2.1;
						TestTargetID = FDE613731C76EA680094E1BF;
					};
					FDE613971C76EA680094E1BF = {
						CreatedOnToolsVersion = 7.2.1;
						TestTargetID = FDE613731C76EA680094E1BF;
					};
				};
			};
			buildConfigurationList = FDE6136F1C76EA670094E1BF /* Build configuration list for PBXProject "BSbudejie" */;
			compatibilityVersion = "Xcode 3.2";
			developmentRegion = English;
			hasScannedForEncodings = 0;
			knownRegions = (
				en,
				Base,
			);
			mainGroup = FDE6136B1C76EA670094E1BF;
			productRefGroup = FDE613751C76EA680094E1BF /* Products */;
			projectDirPath = "";
			projectRoot = "";
			targets = (
				FDE613731C76EA680094E1BF /* BSbudejie */,
				FDE6138C1C76EA680094E1BF /* BSbudejieTests */,
				FDE613971C76EA680094E1BF /* BSbudejieUITests */,
			);
		};
/* End PBXProject section */

/* Begin PBXResourcesBuildPhase section */
		FDE613721C76EA680094E1BF /* Resources */ = {
			isa = PBXResourcesBuildPhase;
			buildActionMask = 2147483647;
			files = (
				FDE613841C76EA680094E1BF /* Assets.xcassets in Resources */,
			);
			runOnlyForDeploymentPostprocessing = 0;
		};
		FDE6138B1C76EA680094E1BF /* Resources */ = {
			isa = PBXResourcesBuildPhase;
			buildActionMask = 2147483647;
			files = (
			);
			runOnlyForDeploymentPostprocessing = 0;
		};
		FDE613961C76EA680094E1BF /* Resources */ = {
			isa = PBXResourcesBuildPhase;
			buildActionMask = 2147483647;
			files = (
			);
			runOnlyForDeploymentPostprocessing = 0;
		};
/* End PBXResourcesBuildPhase section */

/* Begin PBXSourcesBuildPhase section */
		FDE613701C76EA680094E1BF /* Sources */ = {
			isa = PBXSourcesBuildPhase;
			buildActionMask = 2147483647;
			files = (
				FDE613F61C7725ED0094E1BF /* XMGTabBarController.m in Sources */,
				FDE613F51C7725ED0094E1BF /* UIView+XMGExtension.m in Sources */,
				FDE613EF1C7725ED0094E1BF /* XMGEssenceViewController.m in Sources */,
				FDE613F71C7725ED0094E1BF /* main.m in Sources */,
				FDE613F81C7725ED0094E1BF /* XMGTabBar.m in Sources */,
				FDE613F01C7725ED0094E1BF /* XMGFriendTrendsViewController.m in Sources */,
				FDE613F11C7725ED0094E1BF /* XMGMeViewController.m in Sources */,
				FDE613F41C7725ED0094E1BF /* UIBarButtonItem+XMGExtension.m in Sources */,
				FDE613F21C7725ED0094E1BF /* XMGNewViewController.m in Sources */,
				FDE613F31C7725ED0094E1BF /* AppDelegate.m in Sources */,
			);
			runOnlyForDeploymentPostprocessing = 0;
		};
		FDE613891C76EA680094E1BF /* Sources */ = {
			isa = PBXSourcesBuildPhase;
			buildActionMask = 2147483647;
			files = (
				FDE613921C76EA680094E1BF /* BSbudejieTests.m in Sources */,
			);
			runOnlyForDeploymentPostprocessing = 0;
		};
		FDE613941C76EA680094E1BF /* Sources */ = {
			isa = PBXSourcesBuildPhase;
			buildActionMask = 2147483647;
			files = (
				FDE6139D1C76EA680094E1BF /* BSbudejieUITests.m in Sources */,
			);
			runOnlyForDeploymentPostprocessing = 0;
		};
/* End PBXSourcesBuildPhase section */

/* Begin PBXTargetDependency section */
		FDE6138F1C76EA680094E1BF /* PBXTargetDependency */ = {
			isa = PBXTargetDependency;
			target = FDE613731C76EA680094E1BF /* BSbudejie */;
			targetProxy = FDE6138E1C76EA680094E1BF /* PBXContainerItemProxy */;
		};
		FDE6139A1C76EA680094E1BF /* PBXTargetDependency */ = {
			isa = PBXTargetDependency;
			target = FDE613731C76EA680094E1BF /* BSbudejie */;
			targetProxy = FDE613991C76EA680094E1BF /* PBXContainerItemProxy */;
		};
/* End PBXTargetDependency section */

/* Begin XCBuildConfiguration section */
		FDE6139F1C76EA680094E1BF /* Debug */ = {
			isa = XCBuildConfiguration;
			buildSettings = {
				ALWAYS_SEARCH_USER_PATHS = NO;
				CLANG_CXX_LANGUAGE_STANDARD = "gnu++0x";
				CLANG_CXX_LIBRARY = "libc++";
				CLANG_ENABLE_MODULES = YES;
				CLANG_ENABLE_OBJC_ARC = YES;
				CLANG_WARN_BOOL_CONVERSION = YES;
				CLANG_WARN_CONSTANT_CONVERSION = YES;
				CLANG_WARN_DIRECT_OBJC_ISA_USAGE = YES_ERROR;
				CLANG_WARN_EMPTY_BODY = YES;
				CLANG_WARN_ENUM_CONVERSION = YES;
				CLANG_WARN_INT_CONVERSION = YES;
				CLANG_WARN_OBJC_ROOT_CLASS = YES_ERROR;
				CLANG_WARN_UNREACHABLE_CODE = YES;
				CLANG_WARN__DUPLICATE_METHOD_MATCH = YES;
				"CODE_SIGN_IDENTITY[sdk=iphoneos*]" = "iPhone Developer";
				COPY_PHASE_STRIP = NO;
				DEBUG_INFORMATION_FORMAT = dwarf;
				ENABLE_STRICT_OBJC_MSGSEND = YES;
				ENABLE_TESTABILITY = YES;
				GCC_C_LANGUAGE_STANDARD = gnu99;
				GCC_DYNAMIC_NO_PIC = NO;
				GCC_NO_COMMON_BLOCKS = YES;
				GCC_OPTIMIZATION_LEVEL = 0;
				GCC_PREPROCESSOR_DEFINITIONS = (
					"DEBUG=1",
					"$(inherited)",
				);
				GCC_WARN_64_TO_32_BIT_CONVERSION = YES;
				GCC_WARN_ABOUT_RETURN_TYPE = YES_ERROR;
				GCC_WARN_UNDECLARED_SELECTOR = YES;
				GCC_WARN_UNINITIALIZED_AUTOS = YES_AGGRESSIVE;
				GCC_WARN_UNUSED_FUNCTION = YES;
				GCC_WARN_UNUSED_VARIABLE = YES;
				IPHONEOS_DEPLOYMENT_TARGET = 9.2;
				MTL_ENABLE_DEBUG_INFO = YES;
				ONLY_ACTIVE_ARCH = YES;
				SDKROOT = iphoneos;
				TARGETED_DEVICE_FAMILY = "1,2";
			};
			name = Debug;
		};
		FDE613A01C76EA680094E1BF /* Release */ = {
			isa = XCBuildConfiguration;
			buildSettings = {
				ALWAYS_SEARCH_USER_PATHS = NO;
				CLANG_CXX_LANGUAGE_STANDARD = "gnu++0x";
				CLANG_CXX_LIBRARY = "libc++";
				CLANG_ENABLE_MODULES = YES;
				CLANG_ENABLE_OBJC_ARC = YES;
				CLANG_WARN_BOOL_CONVERSION = YES;
				CLANG_WARN_CONSTANT_CONVERSION = YES;
				CLANG_WARN_DIRECT_OBJC_ISA_USAGE = YES_ERROR;
				CLANG_WARN_EMPTY_BODY = YES;
				CLANG_WARN_ENUM_CONVERSION = YES;
				CLANG_WARN_INT_CONVERSION = YES;
				CLANG_WARN_OBJC_ROOT_CLASS = YES_ERROR;
				CLANG_WARN_UNREACHABLE_CODE = YES;
				CLANG_WARN__DUPLICATE_METHOD_MATCH = YES;
				"CODE_SIGN_IDENTITY[sdk=iphoneos*]" = "iPhone Developer";
				COPY_PHASE_STRIP = NO;
				DEBUG_INFORMATION_FORMAT = "dwarf-with-dsym";
				ENABLE_NS_ASSERTIONS = NO;
				ENABLE_STRICT_OBJC_MSGSEND = YES;
				GCC_C_LANGUAGE_STANDARD = gnu99;
				GCC_NO_COMMON_BLOCKS = YES;
				GCC_WARN_64_TO_32_BIT_CONVERSION = YES;
				GCC_WARN_ABOUT_RETURN_TYPE = YES_ERROR;
				GCC_WARN_UNDECLARED_SELECTOR = YES;
				GCC_WARN_UNINITIALIZED_AUTOS = YES_AGGRESSIVE;
				GCC_WARN_UNUSED_FUNCTION = YES;
				GCC_WARN_UNUSED_VARIABLE = YES;
				IPHONEOS_DEPLOYMENT_TARGET = 9.2;
				MTL_ENABLE_DEBUG_INFO = NO;
				SDKROOT = iphoneos;
				TARGETED_DEVICE_FAMILY = "1,2";
				VALIDATE_PRODUCT = YES;
			};
			name = Release;
		};
		FDE613A21C76EA680094E1BF /* Debug */ = {
			isa = XCBuildConfiguration;
			buildSettings = {
				ASSETCATALOG_COMPILER_APPICON_NAME = AppIcon;
				GCC_PREFIX_HEADER = BSbudejie/Classes/Other/PrefixHeader.pch;
				INFOPLIST_FILE = BSbudejie/Info.plist;
				IPHONEOS_DEPLOYMENT_TARGET = 6.0;
				LD_RUNPATH_SEARCH_PATHS = "$(inherited) @executable_path/Frameworks";
				PRODUCT_BUNDLE_IDENTIFIER = com.wacosoft.BSbudejie;
				PRODUCT_NAME = "$(TARGET_NAME)";
			};
			name = Debug;
		};
		FDE613A31C76EA680094E1BF /* Release */ = {
			isa = XCBuildConfiguration;
			buildSettings = {
				ASSETCATALOG_COMPILER_APPICON_NAME = AppIcon;
				GCC_PREFIX_HEADER = BSbudejie/Classes/Other/PrefixHeader.pch;
				INFOPLIST_FILE = BSbudejie/Info.plist;
				IPHONEOS_DEPLOYMENT_TARGET = 6.0;
				LD_RUNPATH_SEARCH_PATHS = "$(inherited) @executable_path/Frameworks";
				PRODUCT_BUNDLE_IDENTIFIER = com.wacosoft.BSbudejie;
				PRODUCT_NAME = "$(TARGET_NAME)";
			};
			name = Release;
		};
		FDE613A51C76EA680094E1BF /* Debug */ = {
			isa = XCBuildConfiguration;
			buildSettings = {
				BUNDLE_LOADER = "$(TEST_HOST)";
				INFOPLIST_FILE = BSbudejieTests/Info.plist;
				LD_RUNPATH_SEARCH_PATHS = "$(inherited) @executable_path/Frameworks @loader_path/Frameworks";
				PRODUCT_BUNDLE_IDENTIFIER = com.wacosoft.BSbudejieTests;
				PRODUCT_NAME = "$(TARGET_NAME)";
				TEST_HOST = "$(BUILT_PRODUCTS_DIR)/BSbudejie.app/BSbudejie";
			};
			name = Debug;
		};
		FDE613A61C76EA680094E1BF /* Release */ = {
			isa = XCBuildConfiguration;
			buildSettings = {
				BUNDLE_LOADER = "$(TEST_HOST)";
				INFOPLIST_FILE = BSbudejieTests/Info.plist;
				LD_RUNPATH_SEARCH_PATHS = "$(inherited) @executable_path/Frameworks @loader_path/Frameworks";
				PRODUCT_BUNDLE_IDENTIFIER = com.wacosoft.BSbudejieTests;
				PRODUCT_NAME = "$(TARGET_NAME)";
				TEST_HOST = "$(BUILT_PRODUCTS_DIR)/BSbudejie.app/BSbudejie";
			};
			name = Release;
		};
		FDE613A81C76EA680094E1BF /* Debug */ = {
			isa = XCBuildConfiguration;
			buildSettings = {
				INFOPLIST_FILE = BSbudejieUITests/Info.plist;
				LD_RUNPATH_SEARCH_PATHS = "$(inherited) @executable_path/Frameworks @loader_path/Frameworks";
				PRODUCT_BUNDLE_IDENTIFIER = com.wacosoft.BSbudejieUITests;
				PRODUCT_NAME = "$(TARGET_NAME)";
				TEST_TARGET_NAME = BSbudejie;
				USES_XCTRUNNER = YES;
			};
			name = Debug;
		};
		FDE613A91C76EA680094E1BF /* Release */ = {
			isa = XCBuildConfiguration;
			buildSettings = {
				INFOPLIST_FILE = BSbudejieUITests/Info.plist;
				LD_RUNPATH_SEARCH_PATHS = "$(inherited) @executable_path/Frameworks @loader_path/Frameworks";
				PRODUCT_BUNDLE_IDENTIFIER = com.wacosoft.BSbudejieUITests;
				PRODUCT_NAME = "$(TARGET_NAME)";
				TEST_TARGET_NAME = BSbudejie;
				USES_XCTRUNNER = YES;
			};
			name = Release;
		};
/* End XCBuildConfiguration section */

/* Begin XCConfigurationList section */
		FDE6136F1C76EA670094E1BF /* Build configuration list for PBXProject "BSbudejie" */ = {
			isa = XCConfigurationList;
			buildConfigurations = (
				FDE6139F1C76EA680094E1BF /* Debug */,
				FDE613A01C76EA680094E1BF /* Release */,
			);
			defaultConfigurationIsVisible = 0;
			defaultConfigurationName = Release;
		};
		FDE613A11C76EA680094E1BF /* Build configuration list for PBXNativeTarget "BSbudejie" */ = {
			isa = XCConfigurationList;
			buildConfigurations = (
				FDE613A21C76EA680094E1BF /* Debug */,
				FDE613A31C76EA680094E1BF /* Release */,
			);
			defaultConfigurationIsVisible = 0;
			defaultConfigurationName = Release;
		};
		FDE613A41C76EA680094E1BF /* Build configuration list for PBXNativeTarget "BSbudejieTests" */ = {
			isa = XCConfigurationList;
			buildConfigurations = (
				FDE613A51C76EA680094E1BF /* Debug */,
				FDE613A61C76EA680094E1BF /* Release */,
			);
			defaultConfigurationIsVisible = 0;
			defaultConfigurationName = Release;
		};
		FDE613A71C76EA680094E1BF /* Build configuration list for PBXNativeTarget "BSbudejieUITests" */ = {
			isa = XCConfigurationList;
			buildConfigurations = (
				FDE613A81C76EA680094E1BF /* Debug */,
				FDE613A91C76EA680094E1BF /* Release */,
			);
			defaultConfigurationIsVisible = 0;
			defaultConfigurationName = Release;
		};
/* End XCConfigurationList section */
	};
	rootObject = FDE6136C1C76EA670094E1BF /* Project object */;
}
